
Microsoft Visual Studio Solution File, Format Version 12.00
# Visual Studio Version 17
VisualStudioVersion = 17.5.33414.496
MinimumVisualStudioVersion = 10.0.40219.1
Project("{FAE04EC0-301F-11D3-BF4B-00C04F79EFBC}") = "BlackJack.EntryPoint", "BlackJack\BlackJack.EntryPoint.csproj", "{ECF20241-C526-47B1-9D8C-583EC79871E5}"
EndProject
Project("{FAE04EC0-301F-11D3-BF4B-00C04F79EFBC}") = "BlackJack.Application", "BlackJack.Application\BlackJack.Application.csproj", "{C550C6D1-7D64-4960-9058-12EA2208ADC1}"
EndProject
Global
	GlobalSection(SolutionConfigurationPlatforms) = preSolution
		Debug|Any CPU = Debug|Any CPU
		Release|Any CPU = Release|Any CPU
	EndGlobalSection
	GlobalSection(ProjectConfigurationPlatforms) = postSolution
		{ECF20241-C526-47B1-9D8C-583EC79871E5}.Debug|Any CPU.ActiveCfg = Debug|Any CPU
		{ECF20241-C526-47B1-9D8C-583EC79871E5}.Debug|Any CPU.Build.0 = Debug|Any CPU
		{ECF20241-C526-47B1-9D8C-583EC79871E5}.Release|Any CPU.ActiveCfg = Release|Any CPU
		{ECF20241-C526-47B1-9D8C-583EC79871E5}.Release|Any CPU.Build.0 = Release|Any CPU
		{C550C6D1-7D64-4960-9058-12EA2208ADC1}.Debug|Any CPU.ActiveCfg = Debug|Any CPU
		{C550C6D1-7D64-4960-9058-12EA2208ADC1}.Debug|Any CPU.Build.0 = Debug|Any CPU
		{C550C6D1-7D64-4960-9058-12EA2208ADC1}.Release|Any CPU.ActiveCfg = Release|Any CPU
		{C550C6D1-7D64-4960-9058-12EA2208ADC1}.Release|Any CPU.Build.0 = Release|Any CPU
	EndGlobalSection
	GlobalSection(SolutionProperties) = preSolution
		HideSolutionNode = FALSE
	EndGlobalSection
	GlobalSection(ExtensibilityGlobals) = postSolution
		SolutionGuid = {67AA1F30-CF4D-4B08-BA08-A914C61132B8}
	EndGlobalSection
EndGlobal
